
Microsoft Visual Studio Solution File, Format Version 12.00
# Visual Studio 11
Project("{FAE04EC0-301F-11D3-BF4B-00C04F79EFBC}") = "EditorOptions", "EditorOptions.csproj", "{971CB19F-09B5-442A-9912-19E24190F613}"
EndProject
Global
	GlobalSection(TeamFoundationVersionControl) = preSolution
		SccEnterpriseProvider = {4CA58AB2-18FA-4F8D-95D4-32DDF27D184C}
		SccLocalPath0 = .
		SccLocalPath1 = EditorOptions
		SccNumberOfProjects = 2
		SccProjectName1 = EditorOptions
		SccProjectUniqueName1 = EditorOptions\\EditorOptions.csproj
		SccTeamFoundationServer = http://taz-tfs:8080/tfs/defaultcollection
	EndGlobalSection
	GlobalSection(SolutionConfigurationPlatforms) = preSolution
		Debug|Any CPU = Debug|Any CPU
		Release|Any CPU = Release|Any CPU
	EndGlobalSection
	GlobalSection(ProjectConfigurationPlatforms) = postSolution
		{971CB19F-09B5-442A-9912-19E24190F613}.Debug|Any CPU.ActiveCfg = Debug|Any CPU
		{971CB19F-09B5-442A-9912-19E24190F613}.Debug|Any CPU.Build.0 = Debug|Any CPU
		{971CB19F-09B5-442A-9912-19E24190F613}.Release|Any CPU.ActiveCfg = Release|Any CPU
		{971CB19F-09B5-442A-9912-19E24190F613}.Release|Any CPU.Build.0 = Release|Any CPU
	EndGlobalSection
	GlobalSection(SolutionProperties) = preSolution
		HideSolutionNode = FALSE
	EndGlobalSection
EndGlobal
