
Microsoft Visual Studio Solution File, Format Version 11.00
# Visual Studio 2010
Project("{FAE04EC0-301F-11D3-BF4B-00C04F79EFBC}") = "DataObjectViewer", "DataObjectViewer.csproj", "{224B2CFD-3ABB-4DBB-B790-0C7B979FA336}"
EndProject
Global
	GlobalSection(TeamFoundationVersionControl) = preSolution
		SccNumberOfProjects = 2
		SccEnterpriseProvider = {4CA58AB2-18FA-4F8D-95D4-32DDF27D184C}
		SccTeamFoundationServer = http://taz-tfs:8080/tfs/defaultcollection
		SccLocalPath0 = .
		SccProjectUniqueName1 = DataObjectViewer.csproj
		SccLocalPath1 = .
	EndGlobalSection
	GlobalSection(SolutionConfigurationPlatforms) = preSolution
		Debug|Any CPU = Debug|Any CPU
		Release|Any CPU = Release|Any CPU
	EndGlobalSection
	GlobalSection(ProjectConfigurationPlatforms) = postSolution
		{224B2CFD-3ABB-4DBB-B790-0C7B979FA336}.Debug|Any CPU.ActiveCfg = Debug|Any CPU
		{224B2CFD-3ABB-4DBB-B790-0C7B979FA336}.Debug|Any CPU.Build.0 = Debug|Any CPU
		{224B2CFD-3ABB-4DBB-B790-0C7B979FA336}.Release|Any CPU.ActiveCfg = Release|Any CPU
		{224B2CFD-3ABB-4DBB-B790-0C7B979FA336}.Release|Any CPU.Build.0 = Release|Any CPU
	EndGlobalSection
	GlobalSection(SolutionProperties) = preSolution
		HideSolutionNode = FALSE
	EndGlobalSection
EndGlobal
