
Microsoft Visual Studio Solution File, Format Version 11.00
# Visual Studio 2010
Project("{FAE04EC0-301F-11D3-BF4B-00C04F79EFBC}") = "RawInputExplorer", "RawInputExplorer.csproj", "{2CC4F997-4858-4132-BD71-3BDD7724557D}"
EndProject
Global
	GlobalSection(SolutionConfigurationPlatforms) = preSolution
		Debug|Any CPU = Debug|Any CPU
		Release|Any CPU = Release|Any CPU
	EndGlobalSection
	GlobalSection(ProjectConfigurationPlatforms) = postSolution
		{2CC4F997-4858-4132-BD71-3BDD7724557D}.Debug|Any CPU.ActiveCfg = Debug|Any CPU
		{2CC4F997-4858-4132-BD71-3BDD7724557D}.Debug|Any CPU.Build.0 = Debug|Any CPU
		{2CC4F997-4858-4132-BD71-3BDD7724557D}.Release|Any CPU.ActiveCfg = Release|Any CPU
		{2CC4F997-4858-4132-BD71-3BDD7724557D}.Release|Any CPU.Build.0 = Release|Any CPU
	EndGlobalSection
	GlobalSection(SolutionProperties) = preSolution
		HideSolutionNode = FALSE
	EndGlobalSection
EndGlobal
