<Solution>
	<Configurations>
		<Platform Name="arm64" />
		<Platform Name="x64" />
		<Platform Name="x86" />
	</Configurations>
	<Project Path="../modules/mvvm-cppwinrt/mvvm-cppwinrt.vcxitems" Id="119310b5-558d-494e-807f-8a6c520b03a3" />
	<Project Path="../modules/tasler-cpp/shared/tasler-cpp.vcxitems" Id="746eb6c7-6a55-457a-bcc9-dfcce3094d10" />
	<Project Path="MessageDialogTester.Dark/MessageDialogTester.Dark.vcxproj" Id="f958aacb-b5b1-4c45-8511-9f09af7d0978">
		<Deploy />
	</Project>
	<Project Path="MessageDialogTester.Light/MessageDialogTester.Light.vcxproj" Id="d48e65e1-dd6a-4091-a54b-0af815494388">
		<Deploy />
	</Project>
	<Project Path="MessageDialogTester.Shared/MessageDialogTester.Shared.vcxitems" Id="468f3bdd-70df-48cd-aec6-3c7832b9d823" />
</Solution>
