<?xml version="1.0" encoding="utf-8"?>
<Project ToolsVersion="4.0" xmlns="http://schemas.microsoft.com/developer/msbuild/2003">
  <ItemGroup>
    <Filter Include="Assets">
      <UniqueIdentifier>{1dddb17a-3a1a-4274-a9d1-52be82f7f349}</UniqueIdentifier>
    </Filter>
  </ItemGroup>
  <ItemGroup>
    <Image Include="$(MSBuildThisFileDirectory)..\MessageDialogTester.Light\app\Assets\SplashScreen.scale-200.png">
      <Filter>Assets</Filter>
    </Image>
    <Image Include="$(MSBuildThisFileDirectory)..\MessageDialogTester.Light\app\Assets\SplashScreen.scale-200_DeviceFamily-IoT.png">
      <Filter>Assets</Filter>
    </Image>
    <Image Include="$(MSBuildThisFileDirectory)..\MessageDialogTester.Light\app\Assets\Square150x150Logo.scale-200.png">
      <Filter>Assets</Filter>
    </Image>
    <Image Include="$(MSBuildThisFileDirectory)..\MessageDialogTester.Light\app\Assets\Square44x44Logo.scale-200.png">
      <Filter>Assets</Filter>
    </Image>
    <Image Include="$(MSBuildThisFileDirectory)..\MessageDialogTester.Light\app\Assets\StoreLogo.png">
      <Filter>Assets</Filter>
    </Image>
    <Image Include="$(MSBuildThisFileDirectory)..\MessageDialogTester.Light\app\Assets\Wide310x150Logo.scale-200.png">
      <Filter>Assets</Filter>
    </Image>
  </ItemGroup>
</Project>